
Microsoft Visual Studio Solution File, Format Version 12.00
# Visual Studio Version 16
VisualStudioVersion = 16.0.31727.386
MinimumVisualStudioVersion = 10.0.40219.1
Project("{9A19103F-16F7-4668-BE54-9A1E7A4F7556}") = "AuthAPI", "AuthAPI\AuthAPI.csproj", "{CCEA0AF3-695B-4AE9-98BE-C5B677062C1C}"
EndProject
Project("{FAE04EC0-301F-11D3-BF4B-00C04F79EFBC}") = "EssenceAPI", "EssenceAPI\EssenceAPI.csproj", "{5561F73E-CAEE-4978-93C9-970CC3565EE9}"
EndProject
Global
	GlobalSection(SolutionConfigurationPlatforms) = preSolution
		Debug|Any CPU = Debug|Any CPU
		Release|Any CPU = Release|Any CPU
	EndGlobalSection
	GlobalSection(ProjectConfigurationPlatforms) = postSolution
		{CCEA0AF3-695B-4AE9-98BE-C5B677062C1C}.Debug|Any CPU.ActiveCfg = Debug|Any CPU
		{CCEA0AF3-695B-4AE9-98BE-C5B677062C1C}.Debug|Any CPU.Build.0 = Debug|Any CPU
		{CCEA0AF3-695B-4AE9-98BE-C5B677062C1C}.Release|Any CPU.ActiveCfg = Release|Any CPU
		{CCEA0AF3-695B-4AE9-98BE-C5B677062C1C}.Release|Any CPU.Build.0 = Release|Any CPU
		{5561F73E-CAEE-4978-93C9-970CC3565EE9}.Debug|Any CPU.ActiveCfg = Debug|Any CPU
		{5561F73E-CAEE-4978-93C9-970CC3565EE9}.Debug|Any CPU.Build.0 = Debug|Any CPU
		{5561F73E-CAEE-4978-93C9-970CC3565EE9}.Release|Any CPU.ActiveCfg = Release|Any CPU
		{5561F73E-CAEE-4978-93C9-970CC3565EE9}.Release|Any CPU.Build.0 = Release|Any CPU
	EndGlobalSection
	GlobalSection(SolutionProperties) = preSolution
		HideSolutionNode = FALSE
	EndGlobalSection
	GlobalSection(ExtensibilityGlobals) = postSolution
		SolutionGuid = {764B8AC7-11DE-40CB-B200-90CBB7588103}
	EndGlobalSection
EndGlobal
